
Microsoft Visual Studio Solution File, Format Version 12.00
# Visual Studio 15
VisualStudioVersion = 15.0.27130.2020
MinimumVisualStudioVersion = 10.0.40219.1
Project("{FAE04EC0-301F-11D3-BF4B-00C04F79EFBC}") = "GiftHub.Models", "GiftHub.Models\GiftHub.Models.csproj", "{59DD7E16-1D73-4B7E-9BA5-697B5CF6705A}"
EndProject
Project("{FAE04EC0-301F-11D3-BF4B-00C04F79EFBC}") = "GiftHub.Data", "GiftHub.Data\GiftHub.Data.csproj", "{2FE13671-F2B6-4CFA-BBFC-D2E360EA166A}"
EndProject
Project("{FAE04EC0-301F-11D3-BF4B-00C04F79EFBC}") = "GiftHub.Services", "GiftHub.Services\GiftHub.Services.csproj", "{FDD81DF5-2BF7-4EB1-8D8B-D54C7140F1E1}"
EndProject
Project("{FAE04EC0-301F-11D3-BF4B-00C04F79EFBC}") = "GiftHub.Contracts", "GiftHub.Contracts\GiftHub.Contracts.csproj", "{2A7411BC-0DFC-4053-86A9-79D80174FF10}"
EndProject
Project("{FAE04EC0-301F-11D3-BF4B-00C04F79EFBC}") = "GiftHub.API", "GiftHub.API\GiftHub.API.csproj", "{BB6162DE-6B50-43BA-A128-5242A1C55F76}"
EndProject
Project("{FAE04EC0-301F-11D3-BF4B-00C04F79EFBC}") = "GiftHubMobileNew.Android", "GiftHubMobileNew\GiftHubMobileNew.Android\GiftHubMobileNew.Android.csproj", "{EC94DF1A-EE40-46B2-BF99-B077F91497C4}"
EndProject
Project("{D954291E-2A0B-460D-934E-DC6B0785DB48}") = "GiftHubMobileNew", "GiftHubMobileNew\GiftHubMobileNew\GiftHubMobileNew.shproj", "{1ED0A587-C1A7-40F9-B42D-F9E78944E643}"
EndProject
Global
	GlobalSection(SharedMSBuildProjectFiles) = preSolution
		GiftHubMobileNew\GiftHubMobileNew\GiftHubMobileNew.projitems*{1ed0a587-c1a7-40f9-b42d-f9e78944e643}*SharedItemsImports = 13
		GiftHubMobileNew\GiftHubMobileNew\GiftHubMobileNew.projitems*{ec94df1a-ee40-46b2-bf99-b077f91497c4}*SharedItemsImports = 4
	EndGlobalSection
	GlobalSection(SolutionConfigurationPlatforms) = preSolution
		Ad-Hoc|Any CPU = Ad-Hoc|Any CPU
		Ad-Hoc|iPhone = Ad-Hoc|iPhone
		Ad-Hoc|iPhoneSimulator = Ad-Hoc|iPhoneSimulator
		AppStore|Any CPU = AppStore|Any CPU
		AppStore|iPhone = AppStore|iPhone
		AppStore|iPhoneSimulator = AppStore|iPhoneSimulator
		Debug|Any CPU = Debug|Any CPU
		Debug|iPhone = Debug|iPhone
		Debug|iPhoneSimulator = Debug|iPhoneSimulator
		Release|Any CPU = Release|Any CPU
		Release|iPhone = Release|iPhone
		Release|iPhoneSimulator = Release|iPhoneSimulator
	EndGlobalSection
	GlobalSection(ProjectConfigurationPlatforms) = postSolution
		{59DD7E16-1D73-4B7E-9BA5-697B5CF6705A}.Ad-Hoc|Any CPU.ActiveCfg = Release|Any CPU
		{59DD7E16-1D73-4B7E-9BA5-697B5CF6705A}.Ad-Hoc|Any CPU.Build.0 = Release|Any CPU
		{59DD7E16-1D73-4B7E-9BA5-697B5CF6705A}.Ad-Hoc|iPhone.ActiveCfg = Release|Any CPU
		{59DD7E16-1D73-4B7E-9BA5-697B5CF6705A}.Ad-Hoc|iPhone.Build.0 = Release|Any CPU
		{59DD7E16-1D73-4B7E-9BA5-697B5CF6705A}.Ad-Hoc|iPhoneSimulator.ActiveCfg = Release|Any CPU
		{59DD7E16-1D73-4B7E-9BA5-697B5CF6705A}.Ad-Hoc|iPhoneSimulator.Build.0 = Release|Any CPU
		{59DD7E16-1D73-4B7E-9BA5-697B5CF6705A}.AppStore|Any CPU.ActiveCfg = Release|Any CPU
		{59DD7E16-1D73-4B7E-9BA5-697B5CF6705A}.AppStore|Any CPU.Build.0 = Release|Any CPU
		{59DD7E16-1D73-4B7E-9BA5-697B5CF6705A}.AppStore|iPhone.ActiveCfg = Release|Any CPU
		{59DD7E16-1D73-4B7E-9BA5-697B5CF6705A}.AppStore|iPhone.Build.0 = Release|Any CPU
		{59DD7E16-1D73-4B7E-9BA5-697B5CF6705A}.AppStore|iPhoneSimulator.ActiveCfg = Release|Any CPU
		{59DD7E16-1D73-4B7E-9BA5-697B5CF6705A}.AppStore|iPhoneSimulator.Build.0 = Release|Any CPU
		{59DD7E16-1D73-4B7E-9BA5-697B5CF6705A}.Debug|Any CPU.ActiveCfg = Debug|Any CPU
		{59DD7E16-1D73-4B7E-9BA5-697B5CF6705A}.Debug|Any CPU.Build.0 = Debug|Any CPU
		{59DD7E16-1D73-4B7E-9BA5-697B5CF6705A}.Debug|iPhone.ActiveCfg = Debug|Any CPU
		{59DD7E16-1D73-4B7E-9BA5-697B5CF6705A}.Debug|iPhone.Build.0 = Debug|Any CPU
		{59DD7E16-1D73-4B7E-9BA5-697B5CF6705A}.Debug|iPhoneSimulator.ActiveCfg = Debug|Any CPU
		{59DD7E16-1D73-4B7E-9BA5-697B5CF6705A}.Debug|iPhoneSimulator.Build.0 = Debug|Any CPU
		{59DD7E16-1D73-4B7E-9BA5-697B5CF6705A}.Release|Any CPU.ActiveCfg = Release|Any CPU
		{59DD7E16-1D73-4B7E-9BA5-697B5CF6705A}.Release|Any CPU.Build.0 = Release|Any CPU
		{59DD7E16-1D73-4B7E-9BA5-697B5CF6705A}.Release|iPhone.ActiveCfg = Release|Any CPU
		{59DD7E16-1D73-4B7E-9BA5-697B5CF6705A}.Release|iPhone.Build.0 = Release|Any CPU
		{59DD7E16-1D73-4B7E-9BA5-697B5CF6705A}.Release|iPhoneSimulator.ActiveCfg = Release|Any CPU
		{59DD7E16-1D73-4B7E-9BA5-697B5CF6705A}.Release|iPhoneSimulator.Build.0 = Release|Any CPU
		{2FE13671-F2B6-4CFA-BBFC-D2E360EA166A}.Ad-Hoc|Any CPU.ActiveCfg = Release|Any CPU
		{2FE13671-F2B6-4CFA-BBFC-D2E360EA166A}.Ad-Hoc|Any CPU.Build.0 = Release|Any CPU
		{2FE13671-F2B6-4CFA-BBFC-D2E360EA166A}.Ad-Hoc|iPhone.ActiveCfg = Release|Any CPU
		{2FE13671-F2B6-4CFA-BBFC-D2E360EA166A}.Ad-Hoc|iPhone.Build.0 = Release|Any CPU
		{2FE13671-F2B6-4CFA-BBFC-D2E360EA166A}.Ad-Hoc|iPhoneSimulator.ActiveCfg = Release|Any CPU
		{2FE13671-F2B6-4CFA-BBFC-D2E360EA166A}.Ad-Hoc|iPhoneSimulator.Build.0 = Release|Any CPU
		{2FE13671-F2B6-4CFA-BBFC-D2E360EA166A}.AppStore|Any CPU.ActiveCfg = Release|Any CPU
		{2FE13671-F2B6-4CFA-BBFC-D2E360EA166A}.AppStore|Any CPU.Build.0 = Release|Any CPU
		{2FE13671-F2B6-4CFA-BBFC-D2E360EA166A}.AppStore|iPhone.ActiveCfg = Release|Any CPU
		{2FE13671-F2B6-4CFA-BBFC-D2E360EA166A}.AppStore|iPhone.Build.0 = Release|Any CPU
		{2FE13671-F2B6-4CFA-BBFC-D2E360EA166A}.AppStore|iPhoneSimulator.ActiveCfg = Release|Any CPU
		{2FE13671-F2B6-4CFA-BBFC-D2E360EA166A}.AppStore|iPhoneSimulator.Build.0 = Release|Any CPU
		{2FE13671-F2B6-4CFA-BBFC-D2E360EA166A}.Debug|Any CPU.ActiveCfg = Debug|Any CPU
		{2FE13671-F2B6-4CFA-BBFC-D2E360EA166A}.Debug|Any CPU.Build.0 = Debug|Any CPU
		{2FE13671-F2B6-4CFA-BBFC-D2E360EA166A}.Debug|iPhone.ActiveCfg = Debug|Any CPU
		{2FE13671-F2B6-4CFA-BBFC-D2E360EA166A}.Debug|iPhone.Build.0 = Debug|Any CPU
		{2FE13671-F2B6-4CFA-BBFC-D2E360EA166A}.Debug|iPhoneSimulator.ActiveCfg = Debug|Any CPU
		{2FE13671-F2B6-4CFA-BBFC-D2E360EA166A}.Debug|iPhoneSimulator.Build.0 = Debug|Any CPU
		{2FE13671-F2B6-4CFA-BBFC-D2E360EA166A}.Release|Any CPU.ActiveCfg = Release|Any CPU
		{2FE13671-F2B6-4CFA-BBFC-D2E360EA166A}.Release|Any CPU.Build.0 = Release|Any CPU
		{2FE13671-F2B6-4CFA-BBFC-D2E360EA166A}.Release|iPhone.ActiveCfg = Release|Any CPU
		{2FE13671-F2B6-4CFA-BBFC-D2E360EA166A}.Release|iPhone.Build.0 = Release|Any CPU
		{2FE13671-F2B6-4CFA-BBFC-D2E360EA166A}.Release|iPhoneSimulator.ActiveCfg = Release|Any CPU
		{2FE13671-F2B6-4CFA-BBFC-D2E360EA166A}.Release|iPhoneSimulator.Build.0 = Release|Any CPU
		{FDD81DF5-2BF7-4EB1-8D8B-D54C7140F1E1}.Ad-Hoc|Any CPU.ActiveCfg = Release|Any CPU
		{FDD81DF5-2BF7-4EB1-8D8B-D54C7140F1E1}.Ad-Hoc|Any CPU.Build.0 = Release|Any CPU
		{FDD81DF5-2BF7-4EB1-8D8B-D54C7140F1E1}.Ad-Hoc|iPhone.ActiveCfg = Release|Any CPU
		{FDD81DF5-2BF7-4EB1-8D8B-D54C7140F1E1}.Ad-Hoc|iPhone.Build.0 = Release|Any CPU
		{FDD81DF5-2BF7-4EB1-8D8B-D54C7140F1E1}.Ad-Hoc|iPhoneSimulator.ActiveCfg = Release|Any CPU
		{FDD81DF5-2BF7-4EB1-8D8B-D54C7140F1E1}.Ad-Hoc|iPhoneSimulator.Build.0 = Release|Any CPU
		{FDD81DF5-2BF7-4EB1-8D8B-D54C7140F1E1}.AppStore|Any CPU.ActiveCfg = Release|Any CPU
		{FDD81DF5-2BF7-4EB1-8D8B-D54C7140F1E1}.AppStore|Any CPU.Build.0 = Release|Any CPU
		{FDD81DF5-2BF7-4EB1-8D8B-D54C7140F1E1}.AppStore|iPhone.ActiveCfg = Release|Any CPU
		{FDD81DF5-2BF7-4EB1-8D8B-D54C7140F1E1}.AppStore|iPhone.Build.0 = Release|Any CPU
		{FDD81DF5-2BF7-4EB1-8D8B-D54C7140F1E1}.AppStore|iPhoneSimulator.ActiveCfg = Release|Any CPU
		{FDD81DF5-2BF7-4EB1-8D8B-D54C7140F1E1}.AppStore|iPhoneSimulator.Build.0 = Release|Any CPU
		{FDD81DF5-2BF7-4EB1-8D8B-D54C7140F1E1}.Debug|Any CPU.ActiveCfg = Debug|Any CPU
		{FDD81DF5-2BF7-4EB1-8D8B-D54C7140F1E1}.Debug|Any CPU.Build.0 = Debug|Any CPU
		{FDD81DF5-2BF7-4EB1-8D8B-D54C7140F1E1}.Debug|iPhone.ActiveCfg = Debug|Any CPU
		{FDD81DF5-2BF7-4EB1-8D8B-D54C7140F1E1}.Debug|iPhone.Build.0 = Debug|Any CPU
		{FDD81DF5-2BF7-4EB1-8D8B-D54C7140F1E1}.Debug|iPhoneSimulator.ActiveCfg = Debug|Any CPU
		{FDD81DF5-2BF7-4EB1-8D8B-D54C7140F1E1}.Debug|iPhoneSimulator.Build.0 = Debug|Any CPU
		{FDD81DF5-2BF7-4EB1-8D8B-D54C7140F1E1}.Release|Any CPU.ActiveCfg = Release|Any CPU
		{FDD81DF5-2BF7-4EB1-8D8B-D54C7140F1E1}.Release|Any CPU.Build.0 = Release|Any CPU
		{FDD81DF5-2BF7-4EB1-8D8B-D54C7140F1E1}.Release|iPhone.ActiveCfg = Release|Any CPU
		{FDD81DF5-2BF7-4EB1-8D8B-D54C7140F1E1}.Release|iPhone.Build.0 = Release|Any CPU
		{FDD81DF5-2BF7-4EB1-8D8B-D54C7140F1E1}.Release|iPhoneSimulator.ActiveCfg = Release|Any CPU
		{FDD81DF5-2BF7-4EB1-8D8B-D54C7140F1E1}.Release|iPhoneSimulator.Build.0 = Release|Any CPU
		{2A7411BC-0DFC-4053-86A9-79D80174FF10}.Ad-Hoc|Any CPU.ActiveCfg = Release|Any CPU
		{2A7411BC-0DFC-4053-86A9-79D80174FF10}.Ad-Hoc|Any CPU.Build.0 = Release|Any CPU
		{2A7411BC-0DFC-4053-86A9-79D80174FF10}.Ad-Hoc|iPhone.ActiveCfg = Release|Any CPU
		{2A7411BC-0DFC-4053-86A9-79D80174FF10}.Ad-Hoc|iPhone.Build.0 = Release|Any CPU
		{2A7411BC-0DFC-4053-86A9-79D80174FF10}.Ad-Hoc|iPhoneSimulator.ActiveCfg = Release|Any CPU
		{2A7411BC-0DFC-4053-86A9-79D80174FF10}.Ad-Hoc|iPhoneSimulator.Build.0 = Release|Any CPU
		{2A7411BC-0DFC-4053-86A9-79D80174FF10}.AppStore|Any CPU.ActiveCfg = Release|Any CPU
		{2A7411BC-0DFC-4053-86A9-79D80174FF10}.AppStore|Any CPU.Build.0 = Release|Any CPU
		{2A7411BC-0DFC-4053-86A9-79D80174FF10}.AppStore|iPhone.ActiveCfg = Release|Any CPU
		{2A7411BC-0DFC-4053-86A9-79D80174FF10}.AppStore|iPhone.Build.0 = Release|Any CPU
		{2A7411BC-0DFC-4053-86A9-79D80174FF10}.AppStore|iPhoneSimulator.ActiveCfg = Release|Any CPU
		{2A7411BC-0DFC-4053-86A9-79D80174FF10}.AppStore|iPhoneSimulator.Build.0 = Release|Any CPU
		{2A7411BC-0DFC-4053-86A9-79D80174FF10}.Debug|Any CPU.ActiveCfg = Debug|Any CPU
		{2A7411BC-0DFC-4053-86A9-79D80174FF10}.Debug|Any CPU.Build.0 = Debug|Any CPU
		{2A7411BC-0DFC-4053-86A9-79D80174FF10}.Debug|iPhone.ActiveCfg = Debug|Any CPU
		{2A7411BC-0DFC-4053-86A9-79D80174FF10}.Debug|iPhone.Build.0 = Debug|Any CPU
		{2A7411BC-0DFC-4053-86A9-79D80174FF10}.Debug|iPhoneSimulator.ActiveCfg = Debug|Any CPU
		{2A7411BC-0DFC-4053-86A9-79D80174FF10}.Debug|iPhoneSimulator.Build.0 = Debug|Any CPU
		{2A7411BC-0DFC-4053-86A9-79D80174FF10}.Release|Any CPU.ActiveCfg = Release|Any CPU
		{2A7411BC-0DFC-4053-86A9-79D80174FF10}.Release|Any CPU.Build.0 = Release|Any CPU
		{2A7411BC-0DFC-4053-86A9-79D80174FF10}.Release|iPhone.ActiveCfg = Release|Any CPU
		{2A7411BC-0DFC-4053-86A9-79D80174FF10}.Release|iPhone.Build.0 = Release|Any CPU
		{2A7411BC-0DFC-4053-86A9-79D80174FF10}.Release|iPhoneSimulator.ActiveCfg = Release|Any CPU
		{2A7411BC-0DFC-4053-86A9-79D80174FF10}.Release|iPhoneSimulator.Build.0 = Release|Any CPU
		{BB6162DE-6B50-43BA-A128-5242A1C55F76}.Ad-Hoc|Any CPU.ActiveCfg = Release|Any CPU
		{BB6162DE-6B50-43BA-A128-5242A1C55F76}.Ad-Hoc|Any CPU.Build.0 = Release|Any CPU
		{BB6162DE-6B50-43BA-A128-5242A1C55F76}.Ad-Hoc|iPhone.ActiveCfg = Release|Any CPU
		{BB6162DE-6B50-43BA-A128-5242A1C55F76}.Ad-Hoc|iPhone.Build.0 = Release|Any CPU
		{BB6162DE-6B50-43BA-A128-5242A1C55F76}.Ad-Hoc|iPhoneSimulator.ActiveCfg = Release|Any CPU
		{BB6162DE-6B50-43BA-A128-5242A1C55F76}.Ad-Hoc|iPhoneSimulator.Build.0 = Release|Any CPU
		{BB6162DE-6B50-43BA-A128-5242A1C55F76}.AppStore|Any CPU.ActiveCfg = Release|Any CPU
		{BB6162DE-6B50-43BA-A128-5242A1C55F76}.AppStore|Any CPU.Build.0 = Release|Any CPU
		{BB6162DE-6B50-43BA-A128-5242A1C55F76}.AppStore|iPhone.ActiveCfg = Release|Any CPU
		{BB6162DE-6B50-43BA-A128-5242A1C55F76}.AppStore|iPhone.Build.0 = Release|Any CPU
		{BB6162DE-6B50-43BA-A128-5242A1C55F76}.AppStore|iPhoneSimulator.ActiveCfg = Release|Any CPU
		{BB6162DE-6B50-43BA-A128-5242A1C55F76}.AppStore|iPhoneSimulator.Build.0 = Release|Any CPU
		{BB6162DE-6B50-43BA-A128-5242A1C55F76}.Debug|Any CPU.ActiveCfg = Debug|Any CPU
		{BB6162DE-6B50-43BA-A128-5242A1C55F76}.Debug|Any CPU.Build.0 = Debug|Any CPU
		{BB6162DE-6B50-43BA-A128-5242A1C55F76}.Debug|iPhone.ActiveCfg = Debug|Any CPU
		{BB6162DE-6B50-43BA-A128-5242A1C55F76}.Debug|iPhone.Build.0 = Debug|Any CPU
		{BB6162DE-6B50-43BA-A128-5242A1C55F76}.Debug|iPhoneSimulator.ActiveCfg = Debug|Any CPU
		{BB6162DE-6B50-43BA-A128-5242A1C55F76}.Debug|iPhoneSimulator.Build.0 = Debug|Any CPU
		{BB6162DE-6B50-43BA-A128-5242A1C55F76}.Release|Any CPU.ActiveCfg = Release|Any CPU
		{BB6162DE-6B50-43BA-A128-5242A1C55F76}.Release|Any CPU.Build.0 = Release|Any CPU
		{BB6162DE-6B50-43BA-A128-5242A1C55F76}.Release|iPhone.ActiveCfg = Release|Any CPU
		{BB6162DE-6B50-43BA-A128-5242A1C55F76}.Release|iPhone.Build.0 = Release|Any CPU
		{BB6162DE-6B50-43BA-A128-5242A1C55F76}.Release|iPhoneSimulator.ActiveCfg = Release|Any CPU
		{BB6162DE-6B50-43BA-A128-5242A1C55F76}.Release|iPhoneSimulator.Build.0 = Release|Any CPU
		{EC94DF1A-EE40-46B2-BF99-B077F91497C4}.Ad-Hoc|Any CPU.ActiveCfg = Release|Any CPU
		{EC94DF1A-EE40-46B2-BF99-B077F91497C4}.Ad-Hoc|Any CPU.Build.0 = Release|Any CPU
		{EC94DF1A-EE40-46B2-BF99-B077F91497C4}.Ad-Hoc|Any CPU.Deploy.0 = Release|Any CPU
		{EC94DF1A-EE40-46B2-BF99-B077F91497C4}.Ad-Hoc|iPhone.ActiveCfg = Release|Any CPU
		{EC94DF1A-EE40-46B2-BF99-B077F91497C4}.Ad-Hoc|iPhone.Build.0 = Release|Any CPU
		{EC94DF1A-EE40-46B2-BF99-B077F91497C4}.Ad-Hoc|iPhone.Deploy.0 = Release|Any CPU
		{EC94DF1A-EE40-46B2-BF99-B077F91497C4}.Ad-Hoc|iPhoneSimulator.ActiveCfg = Release|Any CPU
		{EC94DF1A-EE40-46B2-BF99-B077F91497C4}.Ad-Hoc|iPhoneSimulator.Build.0 = Release|Any CPU
		{EC94DF1A-EE40-46B2-BF99-B077F91497C4}.Ad-Hoc|iPhoneSimulator.Deploy.0 = Release|Any CPU
		{EC94DF1A-EE40-46B2-BF99-B077F91497C4}.AppStore|Any CPU.ActiveCfg = Release|Any CPU
		{EC94DF1A-EE40-46B2-BF99-B077F91497C4}.AppStore|Any CPU.Build.0 = Release|Any CPU
		{EC94DF1A-EE40-46B2-BF99-B077F91497C4}.AppStore|Any CPU.Deploy.0 = Release|Any CPU
		{EC94DF1A-EE40-46B2-BF99-B077F91497C4}.AppStore|iPhone.ActiveCfg = Release|Any CPU
		{EC94DF1A-EE40-46B2-BF99-B077F91497C4}.AppStore|iPhone.Build.0 = Release|Any CPU
		{EC94DF1A-EE40-46B2-BF99-B077F91497C4}.AppStore|iPhone.Deploy.0 = Release|Any CPU
		{EC94DF1A-EE40-46B2-BF99-B077F91497C4}.AppStore|iPhoneSimulator.ActiveCfg = Release|Any CPU
		{EC94DF1A-EE40-46B2-BF99-B077F91497C4}.AppStore|iPhoneSimulator.Build.0 = Release|Any CPU
		{EC94DF1A-EE40-46B2-BF99-B077F91497C4}.AppStore|iPhoneSimulator.Deploy.0 = Release|Any CPU
		{EC94DF1A-EE40-46B2-BF99-B077F91497C4}.Debug|Any CPU.ActiveCfg = Debug|Any CPU
		{EC94DF1A-EE40-46B2-BF99-B077F91497C4}.Debug|Any CPU.Build.0 = Debug|Any CPU
		{EC94DF1A-EE40-46B2-BF99-B077F91497C4}.Debug|Any CPU.Deploy.0 = Debug|Any CPU
		{EC94DF1A-EE40-46B2-BF99-B077F91497C4}.Debug|iPhone.ActiveCfg = Debug|Any CPU
		{EC94DF1A-EE40-46B2-BF99-B077F91497C4}.Debug|iPhone.Build.0 = Debug|Any CPU
		{EC94DF1A-EE40-46B2-BF99-B077F91497C4}.Debug|iPhone.Deploy.0 = Debug|Any CPU
		{EC94DF1A-EE40-46B2-BF99-B077F91497C4}.Debug|iPhoneSimulator.ActiveCfg = Debug|Any CPU
		{EC94DF1A-EE40-46B2-BF99-B077F91497C4}.Debug|iPhoneSimulator.Build.0 = Debug|Any CPU
		{EC94DF1A-EE40-46B2-BF99-B077F91497C4}.Debug|iPhoneSimulator.Deploy.0 = Debug|Any CPU
		{EC94DF1A-EE40-46B2-BF99-B077F91497C4}.Release|Any CPU.ActiveCfg = Release|Any CPU
		{EC94DF1A-EE40-46B2-BF99-B077F91497C4}.Release|Any CPU.Build.0 = Release|Any CPU
		{EC94DF1A-EE40-46B2-BF99-B077F91497C4}.Release|Any CPU.Deploy.0 = Release|Any CPU
		{EC94DF1A-EE40-46B2-BF99-B077F91497C4}.Release|iPhone.ActiveCfg = Release|Any CPU
		{EC94DF1A-EE40-46B2-BF99-B077F91497C4}.Release|iPhone.Build.0 = Release|Any CPU
		{EC94DF1A-EE40-46B2-BF99-B077F91497C4}.Release|iPhone.Deploy.0 = Release|Any CPU
		{EC94DF1A-EE40-46B2-BF99-B077F91497C4}.Release|iPhoneSimulator.ActiveCfg = Release|Any CPU
		{EC94DF1A-EE40-46B2-BF99-B077F91497C4}.Release|iPhoneSimulator.Build.0 = Release|Any CPU
		{EC94DF1A-EE40-46B2-BF99-B077F91497C4}.Release|iPhoneSimulator.Deploy.0 = Release|Any CPU
	EndGlobalSection
	GlobalSection(SolutionProperties) = preSolution
		HideSolutionNode = FALSE
	EndGlobalSection
	GlobalSection(ExtensibilityGlobals) = postSolution
		SolutionGuid = {5D801A79-939E-4287-9A66-EABA8E9BEB78}
	EndGlobalSection
EndGlobal
